// !$*UTF8*$!
{
	archiveVersion = 1;
	classes = {
	};
	objectVersion = 46;
	objects = {

/* Begin PBXBuildFile section */
		112DF2B519D132FE00D34D33 /* Foundation.framework in Frameworks */ = {isa = PBXBuildFile; fileRef = 112DF2B419D132FE00D34D33 /* Foundation.framework */; };
		112DF2B719D132FE00D34D33 /* CoreGraphics.framework in Frameworks */ = {isa = PBXBuildFile; fileRef = 112DF2B619D132FE00D34D33 /* CoreGraphics.framework */; };
		112DF2B919D132FE00D34D33 /* UIKit.framework in Frameworks */ = {isa = PBXBuildFile; fileRef = 112DF2B819D132FE00D34D33 /* UIKit.framework */; };
		112DF2BB19D132FF00D34D33 /* SpriteKit.framework in Frameworks */ = {isa = PBXBuildFile; fileRef = 112DF2BA19D132FF00D34D33 /* SpriteKit.framework */; };
		112DF2C119D132FF00D34D33 /* InfoPlist.strings in Resources */ = {isa = PBXBuildFile; fileRef = 112DF2BF19D132FF00D34D33 /* InfoPlist.strings */; };
		112DF2C319D132FF00D34D33 /* main.m in Sources */ = {isa = PBXBuildFile; fileRef = 112DF2C219D132FF00D34D33 /* main.m */; };
		112DF2C719D132FF00D34D33 /* AppDelegate.m in Sources */ = {isa = PBXBuildFile; fileRef = 112DF2C619D132FF00D34D33 /* AppDelegate.m */; };
		112DF2CD19D132FF00D34D33 /* MainViewController.m in Sources */ = {isa = PBXBuildFile; fileRef = 112DF2CC19D132FF00D34D33 /* MainViewController.m */; };
		112DF2D019D132FF00D34D33 /* TestScene.m in Sources */ = {isa = PBXBuildFile; fileRef = 112DF2CF19D132FF00D34D33 /* TestScene.m */; };
		112DF2D219D132FF00D34D33 /* Spaceship.png in Resources */ = {isa = PBXBuildFile; fileRef = 112DF2D119D132FF00D34D33 /* Spaceship.png */; };
		112DF2D419D132FF00D34D33 /* Images.xcassets in Resources */ = {isa = PBXBuildFile; fileRef = 112DF2D319D132FF00D34D33 /* Images.xcassets */; };
		112DF2DB19D132FF00D34D33 /* XCTest.framework in Frameworks */ = {isa = PBXBuildFile; fileRef = 112DF2DA19D132FF00D34D33 /* XCTest.framework */; };
		112DF2DC19D132FF00D34D33 /* Foundation.framework in Frameworks */ = {isa = PBXBuildFile; fileRef = 112DF2B419D132FE00D34D33 /* Foundation.framework */; };
		112DF2DD19D132FF00D34D33 /* UIKit.framework in Frameworks */ = {isa = PBXBuildFile; fileRef = 112DF2B819D132FE00D34D33 /* UIKit.framework */; };
		112DF2E519D132FF00D34D33 /* InfoPlist.strings in Resources */ = {isa = PBXBuildFile; fileRef = 112DF2E319D132FF00D34D33 /* InfoPlist.strings */; };
		112DF2E719D132FF00D34D33 /* TestGameTests.m in Sources */ = {isa = PBXBuildFile; fileRef = 112DF2E619D132FF00D34D33 /* TestGameTests.m */; };
/* End PBXBuildFile section */

/* Begin PBXContainerItemProxy section */
		112DF2DE19D132FF00D34D33 /* PBXContainerItemProxy */ = {
			isa = PBXContainerItemProxy;
			containerPortal = 112DF2A919D132FE00D34D33 /* Project object */;
			proxyType = 1;
			remoteGlobalIDString = 112DF2B019D132FE00D34D33;
			remoteInfo = TestGame;
		};
/* End PBXContainerItemProxy section */

/* Begin PBXFileReference section */
		112DF2B119D132FE00D34D33 /* TestGame.app */ = {isa = PBXFileReference; explicitFileType = wrapper.application; includeInIndex = 0; path = TestGame.app; sourceTree = BUILT_PRODUCTS_DIR; };
		112DF2B419D132FE00D34D33 /* Foundation.framework */ = {isa = PBXFileReference; lastKnownFileType = wrapper.framework; name = Foundation.framework; path = System/Library/Frameworks/Foundation.framework; sourceTree = SDKROOT; };
		112DF2B619D132FE00D34D33 /* CoreGraphics.framework */ = {isa = PBXFileReference; lastKnownFileType = wrapper.framework; name = CoreGraphics.framework; path = System/Library/Frameworks/CoreGraphics.framework; sourceTree = SDKROOT; };
		112DF2B819D132FE00D34D33 /* UIKit.framework */ = {isa = PBXFileReference; lastKnownFileType = wrapper.framework; name = UIKit.framework; path = System/Library/Frameworks/UIKit.framework; sourceTree = SDKROOT; };
		112DF2BA19D132FF00D34D33 /* SpriteKit.framework */ = {isa = PBXFileReference; lastKnownFileType = wrapper.framework; name = SpriteKit.framework; path = System/Library/Frameworks/SpriteKit.framework; sourceTree = SDKROOT; };
		112DF2BE19D132FF00D34D33 /* TestGame-Info.plist */ = {isa = PBXFileReference; lastKnownFileType = text.plist.xml; path = "TestGame-Info.plist"; sourceTree = "<group>"; };
		112DF2C019D132FF00D34D33 /* en */ = {isa = PBXFileReference; lastKnownFileType = text.plist.strings; name = en; path = en.lproj/InfoPlist.strings; sourceTree = "<group>"; };
		112DF2C219D132FF00D34D33 /* main.m */ = {isa = PBXFileReference; lastKnownFileType = sourcecode.c.objc; path = main.m; sourceTree = "<group>"; };
		112DF2C419D132FF00D34D33 /* TestGame-Prefix.pch */ = {isa = PBXFileReference; lastKnownFileType = sourcecode.c.h; path = "TestGame-Prefix.pch"; sourceTree = "<group>"; };
		112DF2C519D132FF00D34D33 /* AppDelegate.h */ = {isa = PBXFileReference; lastKnownFileType = sourcecode.c.h; path = AppDelegate.h; sourceTree = "<group>"; };
		112DF2C619D132FF00D34D33 /* AppDelegate.m */ = {isa = PBXFileReference; lastKnownFileType = sourcecode.c.objc; path = AppDelegate.m; sourceTree = "<group>"; };
		112DF2CB19D132FF00D34D33 /* MainViewController.h */ = {isa = PBXFileReference; lastKnownFileType = sourcecode.c.h; path = MainViewController.h; sourceTree = "<group>"; };
		112DF2CC19D132FF00D34D33 /* MainViewController.m */ = {isa = PBXFileReference; lastKnownFileType = sourcecode.c.objc; path = MainViewController.m; sourceTree = "<group>"; };
		112DF2CE19D132FF00D34D33 /* TestScene.h */ = {isa = PBXFileReference; lastKnownFileType = sourcecode.c.h; path = TestScene.h; sourceTree = "<group>"; };
		112DF2CF19D132FF00D34D33 /* TestScene.m */ = {isa = PBXFileReference; lastKnownFileType = sourcecode.c.objc; path = TestScene.m; sourceTree = "<group>"; };
		112DF2D119D132FF00D34D33 /* Spaceship.png */ = {isa = PBXFileReference; lastKnownFileType = image.png; path = Spaceship.png; sourceTree = "<group>"; };
		112DF2D319D132FF00D34D33 /* Images.xcassets */ = {isa = PBXFileReference; lastKnownFileType = folder.assetcatalog; path = Images.xcassets; sourceTree = "<group>"; };
		112DF2D919D132FF00D34D33 /* TestGameTests.xctest */ = {isa = PBXFileReference; explicitFileType = wrapper.cfbundle; includeInIndex = 0; path = TestGameTests.xctest; sourceTree = BUILT_PRODUCTS_DIR; };
		112DF2DA19D132FF00D34D33 /* XCTest.framework */ = {isa = PBXFileReference; lastKnownFileType = wrapper.framework; name = XCTest.framework; path = Library/Frameworks/XCTest.framework; sourceTree = DEVELOPER_DIR; };
		112DF2E219D132FF00D34D33 /* TestGameTests-Info.plist */ = {isa = PBXFileReference; lastKnownFileType = text.plist.xml; path = "TestGameTests-Info.plist"; sourceTree = "<group>"; };
		112DF2E419D132FF00D34D33 /* en */ = {isa = PBXFileReference; lastKnownFileType = text.plist.strings; name = en; path = en.lproj/InfoPlist.strings; sourceTree = "<group>"; };
		112DF2E619D132FF00D34D33 /* TestGameTests.m */ = {isa = PBXFileReference; lastKnownFileType = sourcecode.c.objc; path = TestGameTests.m; sourceTree = "<group>"; };
/* End PBXFileReference section */

/* Begin PBXFrameworksBuildPhase section */
		112DF2AE19D132FE00D34D33 /* Frameworks */ = {
			isa = PBXFrameworksBuildPhase;
			buildActionMask = 2147483647;
			files = (
				112DF2B719D132FE00D34D33 /* CoreGraphics.framework in Frameworks */,
				112DF2B919D132FE00D34D33 /* UIKit.framework in Frameworks */,
				112DF2BB19D132FF00D34D33 /* SpriteKit.framework in Frameworks */,
				112DF2B519D132FE00D34D33 /* Foundation.framework in Frameworks */,
			);
			runOnlyForDeploymentPostprocessing = 0;
		};
		112DF2D619D132FF00D34D33 /* Frameworks */ = {
			isa = PBXFrameworksBuildPhase;
			buildActionMask = 2147483647;
			files = (
				112DF2DB19D132FF00D34D33 /* XCTest.framework in Frameworks */,
				112DF2DD19D132FF00D34D33 /* UIKit.framework in Frameworks */,
				112DF2DC19D132FF00D34D33 /* Foundation.framework in Frameworks */,
			);
			runOnlyForDeploymentPostprocessing = 0;
		};
/* End PBXFrameworksBuildPhase section */

/* Begin PBXGroup section */
		112DF2A819D132FE00D34D33 = {
			isa = PBXGroup;
			children = (
				112DF2BC19D132FF00D34D33 /* TestGame */,
				112DF2E019D132FF00D34D33 /* TestGameTests */,
				112DF2B319D132FE00D34D33 /* Frameworks */,
				112DF2B219D132FE00D34D33 /* Products */,
			);
			sourceTree = "<group>";
		};
		112DF2B219D132FE00D34D33 /* Products */ = {
			isa = PBXGroup;
			children = (
				112DF2B119D132FE00D34D33 /* TestGame.app */,
				112DF2D919D132FF00D34D33 /* TestGameTests.xctest */,
			);
			name = Products;
			sourceTree = "<group>";
		};
		112DF2B319D132FE00D34D33 /* Frameworks */ = {
			isa = PBXGroup;
			children = (
				112DF2B419D132FE00D34D33 /* Foundation.framework */,
				112DF2B619D132FE00D34D33 /* CoreGraphics.framework */,
				112DF2B819D132FE00D34D33 /* UIKit.framework */,
				112DF2BA19D132FF00D34D33 /* SpriteKit.framework */,
				112DF2DA19D132FF00D34D33 /* XCTest.framework */,
			);
			name = Frameworks;
			sourceTree = "<group>";
		};
		112DF2BC19D132FF00D34D33 /* TestGame */ = {
			isa = PBXGroup;
			children = (
				112DF2C519D132FF00D34D33 /* AppDelegate.h */,
				112DF2C619D132FF00D34D33 /* AppDelegate.m */,
				112DF2CB19D132FF00D34D33 /* MainViewController.h */,
				112DF2CC19D132FF00D34D33 /* MainViewController.m */,
				112DF2CE19D132FF00D34D33 /* TestScene.h */,
				112DF2CF19D132FF00D34D33 /* TestScene.m */,
				112DF2D119D132FF00D34D33 /* Spaceship.png */,
				112DF2D319D132FF00D34D33 /* Images.xcassets */,
				112DF2BD19D132FF00D34D33 /* Supporting Files */,
			);
			path = TestGame;
			sourceTree = "<group>";
		};
		112DF2BD19D132FF00D34D33 /* Supporting Files */ = {
			isa = PBXGroup;
			children = (
				112DF2BE19D132FF00D34D33 /* TestGame-Info.plist */,
				112DF2BF19D132FF00D34D33 /* InfoPlist.strings */,
				112DF2C219D132FF00D34D33 /* main.m */,
				112DF2C419D132FF00D34D33 /* TestGame-Prefix.pch */,
			);
			name = "Supporting Files";
			sourceTree = "<group>";
		};
		112DF2E019D132FF00D34D33 /* TestGameTests */ = {
			isa = PBXGroup;
			children = (
				112DF2E619D132FF00D34D33 /* TestGameTests.m */,
				112DF2E119D132FF00D34D33 /* Supporting Files */,
			);
			path = TestGameTests;
			sourceTree = "<group>";
		};
		112DF2E119D132FF00D34D33 /* Supporting Files */ = {
			isa = PBXGroup;
			children = (
				112DF2E219D132FF00D34D33 /* TestGameTests-Info.plist */,
				112DF2E319D132FF00D34D33 /* InfoPlist.strings */,
			);
			name = "Supporting Files";
			sourceTree = "<group>";
		};
/* End PBXGroup section */

/* Begin PBXNativeTarget section */
		112DF2B019D132FE00D34D33 /* TestGame */ = {
			isa = PBXNativeTarget;
			buildConfigurationList = 112DF2EA19D132FF00D34D33 /* Build configuration list for PBXNativeTarget "TestGame" */;
			buildPhases = (
				112DF2AD19D132FE00D34D33 /* Sources */,
				112DF2AE19D132FE00D34D33 /* Frameworks */,
				112DF2AF19D132FE00D34D33 /* Resources */,
			);
			buildRules = (
			);
			dependencies = (
			);
			name = TestGame;
			productName = TestGame;
			productReference = 112DF2B119D132FE00D34D33 /* TestGame.app */;
			productType = "com.apple.product-type.application";
		};
		112DF2D819D132FF00D34D33 /* TestGameTests */ = {
			isa = PBXNativeTarget;
			buildConfigurationList = 112DF2ED19D132FF00D34D33 /* Build configuration list for PBXNativeTarget "TestGameTests" */;
			buildPhases = (
				112DF2D519D132FF00D34D33 /* Sources */,
				112DF2D619D132FF00D34D33 /* Frameworks */,
				112DF2D719D132FF00D34D33 /* Resources */,
			);
			buildRules = (
			);
			dependencies = (
				112DF2DF19D132FF00D34D33 /* PBXTargetDependency */,
			);
			name = TestGameTests;
			productName = TestGameTests;
			productReference = 112DF2D919D132FF00D34D33 /* TestGameTests.xctest */;
			productType = "com.apple.product-type.bundle.unit-test";
		};
/* End PBXNativeTarget section */

/* Begin PBXProject section */
		112DF2A919D132FE00D34D33 /* Project object */ = {
			isa = PBXProject;
			attributes = {
				LastUpgradeCheck = 0510;
				ORGANIZATIONNAME = "Bijit Halder";
				TargetAttributes = {
					112DF2D819D132FF00D34D33 = {
						TestTargetID = 112DF2B019D132FE00D34D33;
					};
				};
			};
			buildConfigurationList = 112DF2AC19D132FE00D34D33 /* Build configuration list for PBXProject "TestGame" */;
			compatibilityVersion = "Xcode 3.2";
			developmentRegion = English;
			hasScannedForEncodings = 0;
			knownRegions = (
				en,
				Base,
			);
			mainGroup = 112DF2A819D132FE00D34D33;
			productRefGroup = 112DF2B219D132FE00D34D33 /* Products */;
			projectDirPath = "";
			projectRoot = "";
			targets = (
				112DF2B019D132FE00D34D33 /* TestGame */,
				112DF2D819D132FF00D34D33 /* TestGameTests */,
			);
		};
/* End PBXProject section */

/* Begin PBXResourcesBuildPhase section */
		112DF2AF19D132FE00D34D33 /* Resources */ = {
			isa = PBXResourcesBuildPhase;
			buildActionMask = 2147483647;
			files = (
				112DF2C119D132FF00D34D33 /* InfoPlist.strings in Resources */,
				112DF2D419D132FF00D34D33 /* Images.xcassets in Resources */,
				112DF2D219D132FF00D34D33 /* Spaceship.png in Resources */,
			);
			runOnlyForDeploymentPostprocessing = 0;
		};
		112DF2D719D132FF00D34D33 /* Resources */ = {
			isa = PBXResourcesBuildPhase;
			buildActionMask = 2147483647;
			files = (
				112DF2E519D132FF00D34D33 /* InfoPlist.strings in Resources */,
			);
			runOnlyForDeploymentPostprocessing = 0;
		};
/* End PBXResourcesBuildPhase section */

/* Begin PBXSourcesBuildPhase section */
		112DF2AD19D132FE00D34D33 /* Sources */ = {
			isa = PBXSourcesBuildPhase;
			buildActionMask = 2147483647;
			files = (
				112DF2D019D132FF00D34D33 /* TestScene.m in Sources */,
				112DF2CD19D132FF00D34D33 /* MainViewController.m in Sources */,
				112DF2C719D132FF00D34D33 /* AppDelegate.m in Sources */,
				112DF2C319D132FF00D34D33 /* main.m in Sources */,
			);
			runOnlyForDeploymentPostprocessing = 0;
		};
		112DF2D519D132FF00D34D33 /* Sources */ = {
			isa = PBXSourcesBuildPhase;
			buildActionMask = 2147483647;
			files = (
				112DF2E719D132FF00D34D33 /* TestGameTests.m in Sources */,
			);
			runOnlyForDeploymentPostprocessing = 0;
		};
/* End PBXSourcesBuildPhase section */

/* Begin PBXTargetDependency section */
		112DF2DF19D132FF00D34D33 /* PBXTargetDependency */ = {
			isa = PBXTargetDependency;
			target = 112DF2B019D132FE00D34D33 /* TestGame */;
			targetProxy = 112DF2DE19D132FF00D34D33 /* PBXContainerItemProxy */;
		};
/* End PBXTargetDependency section */

/* Begin PBXVariantGroup section */
		112DF2BF19D132FF00D34D33 /* InfoPlist.strings */ = {
			isa = PBXVariantGroup;
			children = (
				112DF2C019D132FF00D34D33 /* en */,
			);
			name = InfoPlist.strings;
			sourceTree = "<group>";
		};
		112DF2E319D132FF00D34D33 /* InfoPlist.strings */ = {
			isa = PBXVariantGroup;
			children = (
				112DF2E419D132FF00D34D33 /* en */,
			);
			name = InfoPlist.strings;
			sourceTree = "<group>";
		};
/* End PBXVariantGroup section */

/* Begin XCBuildConfiguration section */
		112DF2E819D132FF00D34D33 /* Debug */ = {
			isa = XCBuildConfiguration;
			buildSettings = {
				ALWAYS_SEARCH_USER_PATHS = NO;
				CLANG_CXX_LANGUAGE_STANDARD = "gnu++0x";
				CLANG_CXX_LIBRARY = "libc++";
				CLANG_ENABLE_MODULES = YES;
				CLANG_ENABLE_OBJC_ARC = YES;
				CLANG_WARN_BOOL_CONVERSION = YES;
				CLANG_WARN_CONSTANT_CONVERSION = YES;
				CLANG_WARN_DIRECT_OBJC_ISA_USAGE = YES_ERROR;
				CLANG_WARN_EMPTY_BODY = YES;
				CLANG_WARN_ENUM_CONVERSION = YES;
				CLANG_WARN_INT_CONVERSION = YES;
				CLANG_WARN_OBJC_ROOT_CLASS = YES_ERROR;
				CLANG_WARN__DUPLICATE_METHOD_MATCH = YES;
				"CODE_SIGN_IDENTITY[sdk=iphoneos*]" = "iPhone Developer";
				COPY_PHASE_STRIP = NO;
				GCC_C_LANGUAGE_STANDARD = gnu99;
				GCC_DYNAMIC_NO_PIC = NO;
				GCC_OPTIMIZATION_LEVEL = 0;
				GCC_PREPROCESSOR_DEFINITIONS = (
					"DEBUG=1",
					"$(inherited)",
				);
				GCC_SYMBOLS_PRIVATE_EXTERN = NO;
				GCC_WARN_64_TO_32_BIT_CONVERSION = YES;
				GCC_WARN_ABOUT_RETURN_TYPE = YES_ERROR;
				GCC_WARN_UNDECLARED_SELECTOR = YES;
				GCC_WARN_UNINITIALIZED_AUTOS = YES_AGGRESSIVE;
				GCC_WARN_UNUSED_FUNCTION = YES;
				GCC_WARN_UNUSED_VARIABLE = YES;
				IPHONEOS_DEPLOYMENT_TARGET = 7.1;
				ONLY_ACTIVE_ARCH = YES;
				SDKROOT = iphoneos;
			};
			name = Debug;
		};
		112DF2E919D132FF00D34D33 /* Release */ = {
			isa = XCBuildConfiguration;
			buildSettings = {
				ALWAYS_SEARCH_USER_PATHS = NO;
				CLANG_CXX_LANGUAGE_STANDARD = "gnu++0x";
				CLANG_CXX_LIBRARY = "libc++";
				CLANG_ENABLE_MODULES = YES;
				CLANG_ENABLE_OBJC_ARC = YES;
				CLANG_WARN_BOOL_CONVERSION = YES;
				CLANG_WARN_CONSTANT_CONVERSION = YES;
				CLANG_WARN_DIRECT_OBJC_ISA_USAGE = YES_ERROR;
				CLANG_WARN_EMPTY_BODY = YES;
				CLANG_WARN_ENUM_CONVERSION = YES;
				CLANG_WARN_INT_CONVERSION = YES;
				CLANG_WARN_OBJC_ROOT_CLASS = YES_ERROR;
				CLANG_WARN__DUPLICATE_METHOD_MATCH = YES;
				"CODE_SIGN_IDENTITY[sdk=iphoneos*]" = "iPhone Developer";
				COPY_PHASE_STRIP = YES;
				ENABLE_NS_ASSERTIONS = NO;
				GCC_C_LANGUAGE_STANDARD = gnu99;
				GCC_WARN_64_TO_32_BIT_CONVERSION = YES;
				GCC_WARN_ABOUT_RETURN_TYPE = YES_ERROR;
				GCC_WARN_UNDECLARED_SELECTOR = YES;
				GCC_WARN_UNINITIALIZED_AUTOS = YES_AGGRESSIVE;
				GCC_WARN_UNUSED_FUNCTION = YES;
				GCC_WARN_UNUSED_VARIABLE = YES;
				IPHONEOS_DEPLOYMENT_TARGET = 7.1;
				SDKROOT = iphoneos;
				VALIDATE_PRODUCT = YES;
			};
			name = Release;
		};
		112DF2EB19D132FF00D34D33 /* Debug */ = {
			isa = XCBuildConfiguration;
			buildSettings = {
				ASSETCATALOG_COMPILER_APPICON_NAME = AppIcon;
				ASSETCATALOG_COMPILER_LAUNCHIMAGE_NAME = LaunchImage;
				GCC_PRECOMPILE_PREFIX_HEADER = YES;
				GCC_PREFIX_HEADER = "TestGame/TestGame-Prefix.pch";
				INFOPLIST_FILE = "TestGame/TestGame-Info.plist";
				PRODUCT_NAME = "$(TARGET_NAME)";
				SPRITEKIT_TEXTURE_ATLAS_OUTPUT = YES;
				WRAPPER_EXTENSION = app;
			};
			name = Debug;
		};
		112DF2EC19D132FF00D34D33 /* Release */ = {
			isa = XCBuildConfiguration;
			buildSettings = {
				ASSETCATALOG_COMPILER_APPICON_NAME = AppIcon;
				ASSETCATALOG_COMPILER_LAUNCHIMAGE_NAME = LaunchImage;
				GCC_PRECOMPILE_PREFIX_HEADER = YES;
				GCC_PREFIX_HEADER = "TestGame/TestGame-Prefix.pch";
				INFOPLIST_FILE = "TestGame/TestGame-Info.plist";
				PRODUCT_NAME = "$(TARGET_NAME)";
				SPRITEKIT_TEXTURE_ATLAS_OUTPUT = YES;
				WRAPPER_EXTENSION = app;
			};
			name = Release;
		};
		112DF2EE19D132FF00D34D33 /* Debug */ = {
			isa = XCBuildConfiguration;
			buildSettings = {
				BUNDLE_LOADER = "$(BUILT_PRODUCTS_DIR)/TestGame.app/TestGame";
				FRAMEWORK_SEARCH_PATHS = (
					"$(SDKROOT)/Developer/Library/Frameworks",
					"$(inherited)",
					"$(DEVELOPER_FRAMEWORKS_DIR)",
				);
				GCC_PRECOMPILE_PREFIX_HEADER = YES;
				GCC_PREFIX_HEADER = "TestGame/TestGame-Prefix.pch";
				GCC_PREPROCESSOR_DEFINITIONS = (
					"DEBUG=1",
					"$(inherited)",
				);
				INFOPLIST_FILE = "TestGameTests/TestGameTests-Info.plist";
				PRODUCT_NAME = "$(TARGET_NAME)";
				TEST_HOST = "$(BUNDLE_LOADER)";
				WRAPPER_EXTENSION = xctest;
			};
			name = Debug;
		};
		112DF2EF19D132FF00D34D33 /* Release */ = {
			isa = XCBuildConfiguration;
			buildSettings = {
				BUNDLE_LOADER = "$(BUILT_PRODUCTS_DIR)/TestGame.app/TestGame";
				FRAMEWORK_SEARCH_PATHS = (
					"$(SDKROOT)/Developer/Library/Frameworks",
					"$(inherited)",
					"$(DEVELOPER_FRAMEWORKS_DIR)",
				);
				GCC_PRECOMPILE_PREFIX_HEADER = YES;
				GCC_PREFIX_HEADER = "TestGame/TestGame-Prefix.pch";
				INFOPLIST_FILE = "TestGameTests/TestGameTests-Info.plist";
				PRODUCT_NAME = "$(TARGET_NAME)";
				TEST_HOST = "$(BUNDLE_LOADER)";
				WRAPPER_EXTENSION = xctest;
			};
			name = Release;
		};
/* End XCBuildConfiguration section */

/* Begin XCConfigurationList section */
		112DF2AC19D132FE00D34D33 /* Build configuration list for PBXProject "TestGame" */ = {
			isa = XCConfigurationList;
			buildConfigurations = (
				112DF2E819D132FF00D34D33 /* Debug */,
				112DF2E919D132FF00D34D33 /* Release */,
			);
			defaultConfigurationIsVisible = 0;
			defaultConfigurationName = Release;
		};
		112DF2EA19D132FF00D34D33 /* Build configuration list for PBXNativeTarget "TestGame" */ = {
			isa = XCConfigurationList;
			buildConfigurations = (
				112DF2EB19D132FF00D34D33 /* Debug */,
				112DF2EC19D132FF00D34D33 /* Release */,
			);
			defaultConfigurationIsVisible = 0;
			defaultConfigurationName = Release;
		};
		112DF2ED19D132FF00D34D33 /* Build configuration list for PBXNativeTarget "TestGameTests" */ = {
			isa = XCConfigurationList;
			buildConfigurations = (
				112DF2EE19D132FF00D34D33 /* Debug */,
				112DF2EF19D132FF00D34D33 /* Release */,
			);
			defaultConfigurationIsVisible = 0;
			defaultConfigurationName = Release;
		};
/* End XCConfigurationList section */
	};
	rootObject = 112DF2A919D132FE00D34D33 /* Project object */;
}
